// !$*UTF8*$!
{
	archiveVersion = 1;
	classes = {
	};
	objectVersion = 46;
	objects = {

/* Begin PBXBuildFile section */
		171E0C7E1B8E5B84001E6242 /* AppDelegate.swift in Sources */ = {isa = PBXBuildFile; fileRef = 171E0C7D1B8E5B84001E6242 /* AppDelegate.swift */; };
		171E0C801B8E5B84001E6242 /* MasterViewController.swift in Sources */ = {isa = PBXBuildFile; fileRef = 171E0C7F1B8E5B84001E6242 /* MasterViewController.swift */; };
		171E0C821B8E5B84001E6242 /* DetailViewController.swift in Sources */ = {isa = PBXBuildFile; fileRef = 171E0C811B8E5B84001E6242 /* DetailViewController.swift */; };
		171E0C851B8E5B84001E6242 /* Main.storyboard in Resources */ = {isa = PBXBuildFile; fileRef = 171E0C831B8E5B84001E6242 /* Main.storyboard */; };
		171E0C871B8E5B84001E6242 /* Assets.xcassets in Resources */ = {isa = PBXBuildFile; fileRef = 171E0C861B8E5B84001E6242 /* Assets.xcassets */; };
		171E0C8A1B8E5B84001E6242 /* LaunchScreen.storyboard in Resources */ = {isa = PBXBuildFile; fileRef = 171E0C881B8E5B84001E6242 /* LaunchScreen.storyboard */; };
		171E0CAE1B8E5C58001E6242 /* Food.swift in Sources */ = {isa = PBXBuildFile; fileRef = 171E0CAD1B8E5C58001E6242 /* Food.swift */; };
		D805F0251C9A80840036FA48 /* smallMyPulseLogo.png in Resources */ = {isa = PBXBuildFile; fileRef = D805F0241C9A80840036FA48 /* smallMyPulseLogo.png */; };
		D82D31CC1C9E2E470000C447 /* FeaturedView.swift in Sources */ = {isa = PBXBuildFile; fileRef = D82D31CB1C9E2E470000C447 /* FeaturedView.swift */; };
		D846A7AE1C9935C40030A359 /* FMDatabase.m in Sources */ = {isa = PBXBuildFile; fileRef = D846A7A41C9935C40030A359 /* FMDatabase.m */; };
		D846A7AF1C9935C40030A359 /* FMDatabaseAdditions.m in Sources */ = {isa = PBXBuildFile; fileRef = D846A7A61C9935C40030A359 /* FMDatabaseAdditions.m */; };
		D846A7B01C9935C40030A359 /* FMDatabasePool.m in Sources */ = {isa = PBXBuildFile; fileRef = D846A7A81C9935C40030A359 /* FMDatabasePool.m */; };
		D846A7B11C9935C40030A359 /* FMDatabaseQueue.m in Sources */ = {isa = PBXBuildFile; fileRef = D846A7AA1C9935C40030A359 /* FMDatabaseQueue.m */; };
		D846A7B21C9935C40030A359 /* FMResultSet.m in Sources */ = {isa = PBXBuildFile; fileRef = D846A7AD1C9935C40030A359 /* FMResultSet.m */; };
		D846A7B61C9936010030A359 /* libsqlite3.0.tbd in Frameworks */ = {isa = PBXBuildFile; fileRef = D846A7B41C9936010030A359 /* libsqlite3.0.tbd */; };
		D846A7B71C9936010030A359 /* libsqlite3.tbd in Frameworks */ = {isa = PBXBuildFile; fileRef = D846A7B51C9936010030A359 /* libsqlite3.tbd */; };
		D846A7BB1C993DCA0030A359 /* unknown.jpg in Resources */ = {isa = PBXBuildFile; fileRef = D846A7BA1C993DCA0030A359 /* unknown.jpg */; };
		D846A7C11C99459F0030A359 /* green.png in Resources */ = {isa = PBXBuildFile; fileRef = D846A7BE1C99459F0030A359 /* green.png */; };
		D846A7C21C99459F0030A359 /* red.png in Resources */ = {isa = PBXBuildFile; fileRef = D846A7BF1C99459F0030A359 /* red.png */; };
		D846A7C31C99459F0030A359 /* yellow.png in Resources */ = {isa = PBXBuildFile; fileRef = D846A7C01C99459F0030A359 /* yellow.png */; };
		D84DED931C9E3F66001A68B5 /* ConnView.swift in Sources */ = {isa = PBXBuildFile; fileRef = D84DED921C9E3F66001A68B5 /* ConnView.swift */; };
		D84DED951C9E3FDB001A68B5 /* NewView.swift in Sources */ = {isa = PBXBuildFile; fileRef = D84DED941C9E3FDB001A68B5 /* NewView.swift */; };
		D87EDFCC1C9F2DBB00872861 /* DB2.sqlite in Resources */ = {isa = PBXBuildFile; fileRef = D87EDFCB1C9F2DBB00872861 /* DB2.sqlite */; };
		D8A41A321C9A274500D4B544 /* myPulseWhite.png in Resources */ = {isa = PBXBuildFile; fileRef = D8A41A311C9A274500D4B544 /* myPulseWhite.png */; };
		D8A41A351C9A2EBA00D4B544 /* montserrat-bold-normal.ttf in Resources */ = {isa = PBXBuildFile; fileRef = D8A41A331C9A2EBA00D4B544 /* montserrat-bold-normal.ttf */; };
		D8A41A361C9A2EBA00D4B544 /* montserrat-normal-normal.ttf in Resources */ = {isa = PBXBuildFile; fileRef = D8A41A341C9A2EBA00D4B544 /* montserrat-normal-normal.ttf */; };
		D8A41A381C9A30C900D4B544 /* food45.jpg in Resources */ = {isa = PBXBuildFile; fileRef = D8A41A371C9A30C900D4B544 /* food45.jpg */; };
		D8A41A3A1C9A35D300D4B544 /* food4.jpg in Resources */ = {isa = PBXBuildFile; fileRef = D8A41A391C9A35D300D4B544 /* food4.jpg */; };
		D8A863171C99E97B007DE46A /* AboutView.swift in Sources */ = {isa = PBXBuildFile; fileRef = D8A863161C99E97B007DE46A /* AboutView.swift */; };
		D8BA55B71C9931BC002ACAAD /* start.png in Resources */ = {isa = PBXBuildFile; fileRef = D8BA55B61C9931BC002ACAAD /* start.png */; };
		D8BA55B91C9931C5002ACAAD /* logo.jpg in Resources */ = {isa = PBXBuildFile; fileRef = D8BA55B81C9931C5002ACAAD /* logo.jpg */; };
		D8E1908C1C9F41000021F9D9 /* EvenMore.swift in Sources */ = {isa = PBXBuildFile; fileRef = D8E1908B1C9F41000021F9D9 /* EvenMore.swift */; };
/* End PBXBuildFile section */

/* Begin PBXFileReference section */
		171E0C7A1B8E5B84001E6242 /* MyPulse.app */ = {isa = PBXFileReference; explicitFileType = wrapper.application; includeInIndex = 0; path = MyPulse.app; sourceTree = BUILT_PRODUCTS_DIR; };
		171E0C7D1B8E5B84001E6242 /* AppDelegate.swift */ = {isa = PBXFileReference; lastKnownFileType = sourcecode.swift; path = AppDelegate.swift; sourceTree = "<group>"; };
		171E0C7F1B8E5B84001E6242 /* MasterViewController.swift */ = {isa = PBXFileReference; lastKnownFileType = sourcecode.swift; path = MasterViewController.swift; sourceTree = "<group>"; };
		171E0C811B8E5B84001E6242 /* DetailViewController.swift */ = {isa = PBXFileReference; lastKnownFileType = sourcecode.swift; path = DetailViewController.swift; sourceTree = "<group>"; };
		171E0C841B8E5B84001E6242 /* Base */ = {isa = PBXFileReference; lastKnownFileType = file.storyboard; name = Base; path = Base.lproj/Main.storyboard; sourceTree = "<group>"; };
		171E0C861B8E5B84001E6242 /* Assets.xcassets */ = {isa = PBXFileReference; lastKnownFileType = folder.assetcatalog; path = Assets.xcassets; sourceTree = "<group>"; };
		171E0C891B8E5B84001E6242 /* Base */ = {isa = PBXFileReference; lastKnownFileType = file.storyboard; name = Base; path = Base.lproj/LaunchScreen.storyboard; sourceTree = "<group>"; };
		171E0C8B1B8E5B84001E6242 /* Info.plist */ = {isa = PBXFileReference; lastKnownFileType = text.plist.xml; path = Info.plist; sourceTree = "<group>"; };
		171E0CAD1B8E5C58001E6242 /* Food.swift */ = {isa = PBXFileReference; fileEncoding = 4; lastKnownFileType = sourcecode.swift; path = Food.swift; sourceTree = "<group>"; };
		D805F0241C9A80840036FA48 /* smallMyPulseLogo.png */ = {isa = PBXFileReference; lastKnownFileType = image.png; path = smallMyPulseLogo.png; sourceTree = "<group>"; };
		D82D31CB1C9E2E470000C447 /* FeaturedView.swift */ = {isa = PBXFileReference; fileEncoding = 4; lastKnownFileType = sourcecode.swift; path = FeaturedView.swift; sourceTree = "<group>"; };
		D846A7A21C9935C30030A359 /* MyPulse-Bridging-Header.h */ = {isa = PBXFileReference; lastKnownFileType = sourcecode.c.h; path = "MyPulse-Bridging-Header.h"; sourceTree = "<group>"; };
		D846A7A31C9935C40030A359 /* FMDatabase.h */ = {isa = PBXFileReference; fileEncoding = 4; lastKnownFileType = sourcecode.c.h; path = FMDatabase.h; sourceTree = "<group>"; };
		D846A7A41C9935C40030A359 /* FMDatabase.m */ = {isa = PBXFileReference; fileEncoding = 4; lastKnownFileType = sourcecode.c.objc; path = FMDatabase.m; sourceTree = "<group>"; };
		D846A7A51C9935C40030A359 /* FMDatabaseAdditions.h */ = {isa = PBXFileReference; fileEncoding = 4; lastKnownFileType = sourcecode.c.h; path = FMDatabaseAdditions.h; sourceTree = "<group>"; };
		D846A7A61C9935C40030A359 /* FMDatabaseAdditions.m */ = {isa = PBXFileReference; fileEncoding = 4; lastKnownFileType = sourcecode.c.objc; path = FMDatabaseAdditions.m; sourceTree = "<group>"; };
		D846A7A71C9935C40030A359 /* FMDatabasePool.h */ = {isa = PBXFileReference; fileEncoding = 4; lastKnownFileType = sourcecode.c.h; path = FMDatabasePool.h; sourceTree = "<group>"; };
		D846A7A81C9935C40030A359 /* FMDatabasePool.m */ = {isa = PBXFileReference; fileEncoding = 4; lastKnownFileType = sourcecode.c.objc; path = FMDatabasePool.m; sourceTree = "<group>"; };
		D846A7A91C9935C40030A359 /* FMDatabaseQueue.h */ = {isa = PBXFileReference; fileEncoding = 4; lastKnownFileType = sourcecode.c.h; path = FMDatabaseQueue.h; sourceTree = "<group>"; };
		D846A7AA1C9935C40030A359 /* FMDatabaseQueue.m */ = {isa = PBXFileReference; fileEncoding = 4; lastKnownFileType = sourcecode.c.objc; path = FMDatabaseQueue.m; sourceTree = "<group>"; };
		D846A7AB1C9935C40030A359 /* FMDB.h */ = {isa = PBXFileReference; fileEncoding = 4; lastKnownFileType = sourcecode.c.h; path = FMDB.h; sourceTree = "<group>"; };
		D846A7AC1C9935C40030A359 /* FMResultSet.h */ = {isa = PBXFileReference; fileEncoding = 4; lastKnownFileType = sourcecode.c.h; path = FMResultSet.h; sourceTree = "<group>"; };
		D846A7AD1C9935C40030A359 /* FMResultSet.m */ = {isa = PBXFileReference; fileEncoding = 4; lastKnownFileType = sourcecode.c.objc; path = FMResultSet.m; sourceTree = "<group>"; };
		D846A7B41C9936010030A359 /* libsqlite3.0.tbd */ = {isa = PBXFileReference; lastKnownFileType = "sourcecode.text-based-dylib-definition"; name = libsqlite3.0.tbd; path = usr/lib/libsqlite3.0.tbd; sourceTree = SDKROOT; };
		D846A7B51C9936010030A359 /* libsqlite3.tbd */ = {isa = PBXFileReference; lastKnownFileType = "sourcecode.text-based-dylib-definition"; name = libsqlite3.tbd; path = usr/lib/libsqlite3.tbd; sourceTree = SDKROOT; };
		D846A7BA1C993DCA0030A359 /* unknown.jpg */ = {isa = PBXFileReference; lastKnownFileType = image.jpeg; path = unknown.jpg; sourceTree = "<group>"; };
		D846A7BE1C99459F0030A359 /* green.png */ = {isa = PBXFileReference; lastKnownFileType = image.png; path = green.png; sourceTree = "<group>"; };
		D846A7BF1C99459F0030A359 /* red.png */ = {isa = PBXFileReference; lastKnownFileType = image.png; path = red.png; sourceTree = "<group>"; };
		D846A7C01C99459F0030A359 /* yellow.png */ = {isa = PBXFileReference; lastKnownFileType = image.png; path = yellow.png; sourceTree = "<group>"; };
		D84DED921C9E3F66001A68B5 /* ConnView.swift */ = {isa = PBXFileReference; fileEncoding = 4; lastKnownFileType = sourcecode.swift; path = ConnView.swift; sourceTree = "<group>"; };
		D84DED941C9E3FDB001A68B5 /* NewView.swift */ = {isa = PBXFileReference; fileEncoding = 4; lastKnownFileType = sourcecode.swift; path = NewView.swift; sourceTree = "<group>"; };
		D87EDFCB1C9F2DBB00872861 /* DB2.sqlite */ = {isa = PBXFileReference; lastKnownFileType = file; path = DB2.sqlite; sourceTree = "<group>"; };
		D8A41A311C9A274500D4B544 /* myPulseWhite.png */ = {isa = PBXFileReference; lastKnownFileType = image.png; path = myPulseWhite.png; sourceTree = "<group>"; };
		D8A41A331C9A2EBA00D4B544 /* montserrat-bold-normal.ttf */ = {isa = PBXFileReference; lastKnownFileType = file; path = "montserrat-bold-normal.ttf"; sourceTree = "<group>"; };
		D8A41A341C9A2EBA00D4B544 /* montserrat-normal-normal.ttf */ = {isa = PBXFileReference; lastKnownFileType = file; path = "montserrat-normal-normal.ttf"; sourceTree = "<group>"; };
		D8A41A371C9A30C900D4B544 /* food45.jpg */ = {isa = PBXFileReference; lastKnownFileType = image.jpeg; path = food45.jpg; sourceTree = "<group>"; };
		D8A41A391C9A35D300D4B544 /* food4.jpg */ = {isa = PBXFileReference; lastKnownFileType = image.jpeg; path = food4.jpg; sourceTree = "<group>"; };
		D8A863161C99E97B007DE46A /* AboutView.swift */ = {isa = PBXFileReference; fileEncoding = 4; lastKnownFileType = sourcecode.swift; path = AboutView.swift; sourceTree = "<group>"; };
		D8BA55B61C9931BC002ACAAD /* start.png */ = {isa = PBXFileReference; lastKnownFileType = image.png; path = start.png; sourceTree = "<group>"; };
		D8BA55B81C9931C5002ACAAD /* logo.jpg */ = {isa = PBXFileReference; lastKnownFileType = image.jpeg; path = logo.jpg; sourceTree = "<group>"; };
		D8E1908B1C9F41000021F9D9 /* EvenMore.swift */ = {isa = PBXFileReference; fileEncoding = 4; lastKnownFileType = sourcecode.swift; path = EvenMore.swift; sourceTree = "<group>"; };
/* End PBXFileReference section */

/* Begin PBXFrameworksBuildPhase section */
		171E0C771B8E5B84001E6242 /* Frameworks */ = {
			isa = PBXFrameworksBuildPhase;
			buildActionMask = 2147483647;
			files = (
				D846A7B61C9936010030A359 /* libsqlite3.0.tbd in Frameworks */,
				D846A7B71C9936010030A359 /* libsqlite3.tbd in Frameworks */,
			);
			runOnlyForDeploymentPostprocessing = 0;
		};
/* End PBXFrameworksBuildPhase section */

/* Begin PBXGroup section */
		171E0C711B8E5B84001E6242 = {
			isa = PBXGroup;
			children = (
				171E0C7C1B8E5B84001E6242 /* MyPulse */,
				171E0C7B1B8E5B84001E6242 /* Products */,
			);
			sourceTree = "<group>";
		};
		171E0C7B1B8E5B84001E6242 /* Products */ = {
			isa = PBXGroup;
			children = (
				171E0C7A1B8E5B84001E6242 /* MyPulse.app */,
			);
			name = Products;
			sourceTree = "<group>";
		};
		171E0C7C1B8E5B84001E6242 /* MyPulse */ = {
			isa = PBXGroup;
			children = (
				171E0C7D1B8E5B84001E6242 /* AppDelegate.swift */,
				171E0C7F1B8E5B84001E6242 /* MasterViewController.swift */,
				171E0C811B8E5B84001E6242 /* DetailViewController.swift */,
				D8E1908B1C9F41000021F9D9 /* EvenMore.swift */,
				D8A863161C99E97B007DE46A /* AboutView.swift */,
				171E0C831B8E5B84001E6242 /* Main.storyboard */,
				D82D31CB1C9E2E470000C447 /* FeaturedView.swift */,
				D87EDFCB1C9F2DBB00872861 /* DB2.sqlite */,
				171E0C861B8E5B84001E6242 /* Assets.xcassets */,
				171E0C881B8E5B84001E6242 /* LaunchScreen.storyboard */,
				171E0C8B1B8E5B84001E6242 /* Info.plist */,
				D84DED941C9E3FDB001A68B5 /* NewView.swift */,
				171E0CAD1B8E5C58001E6242 /* Food.swift */,
				D84DED921C9E3F66001A68B5 /* ConnView.swift */,
				D805F0271C9A80970036FA48 /* Fonts */,
				D805F0261C9A808F0036FA48 /* Pictures */,
				D846A7B31C9935CD0030A359 /* FMDB */,
			);
			name = MyPulse;
			path = CandySearch;
			sourceTree = "<group>";
		};
		D805F0261C9A808F0036FA48 /* Pictures */ = {
			isa = PBXGroup;
			children = (
				D8BA55B61C9931BC002ACAAD /* start.png */,
				D8BA55B81C9931C5002ACAAD /* logo.jpg */,
				D846A7BA1C993DCA0030A359 /* unknown.jpg */,
				D846A7BE1C99459F0030A359 /* green.png */,
				D846A7BF1C99459F0030A359 /* red.png */,
				D846A7C01C99459F0030A359 /* yellow.png */,
				D8A41A311C9A274500D4B544 /* myPulseWhite.png */,
				D8A41A371C9A30C900D4B544 /* food45.jpg */,
				D8A41A391C9A35D300D4B544 /* food4.jpg */,
				D805F0241C9A80840036FA48 /* smallMyPulseLogo.png */,
			);
			name = Pictures;
			sourceTree = "<group>";
		};
		D805F0271C9A80970036FA48 /* Fonts */ = {
			isa = PBXGroup;
			children = (
				D8A41A331C9A2EBA00D4B544 /* montserrat-bold-normal.ttf */,
				D8A41A341C9A2EBA00D4B544 /* montserrat-normal-normal.ttf */,
			);
			name = Fonts;
			sourceTree = "<group>";
		};
		D846A7B31C9935CD0030A359 /* FMDB */ = {
			isa = PBXGroup;
			children = (
				D846A7B41C9936010030A359 /* libsqlite3.0.tbd */,
				D846A7B51C9936010030A359 /* libsqlite3.tbd */,
				D846A7A31C9935C40030A359 /* FMDatabase.h */,
				D846A7A41C9935C40030A359 /* FMDatabase.m */,
				D846A7A51C9935C40030A359 /* FMDatabaseAdditions.h */,
				D846A7A61C9935C40030A359 /* FMDatabaseAdditions.m */,
				D846A7A71C9935C40030A359 /* FMDatabasePool.h */,
				D846A7A81C9935C40030A359 /* FMDatabasePool.m */,
				D846A7A91C9935C40030A359 /* FMDatabaseQueue.h */,
				D846A7AA1C9935C40030A359 /* FMDatabaseQueue.m */,
				D846A7AB1C9935C40030A359 /* FMDB.h */,
				D846A7AC1C9935C40030A359 /* FMResultSet.h */,
				D846A7AD1C9935C40030A359 /* FMResultSet.m */,
				D846A7A21C9935C30030A359 /* MyPulse-Bridging-Header.h */,
			);
			name = FMDB;
			sourceTree = "<group>";
		};
/* End PBXGroup section */

/* Begin PBXNativeTarget section */
		171E0C791B8E5B84001E6242 /* MyPulse */ = {
			isa = PBXNativeTarget;
			buildConfigurationList = 171E0CA41B8E5B84001E6242 /* Build configuration list for PBXNativeTarget "MyPulse" */;
			buildPhases = (
				171E0C761B8E5B84001E6242 /* Sources */,
				171E0C771B8E5B84001E6242 /* Frameworks */,
				171E0C781B8E5B84001E6242 /* Resources */,
			);
			buildRules = (
			);
			dependencies = (
			);
			name = MyPulse;
			productName = CandySearch;
			productReference = 171E0C7A1B8E5B84001E6242 /* MyPulse.app */;
			productType = "com.apple.product-type.application";
		};
/* End PBXNativeTarget section */

/* Begin PBXProject section */
		171E0C721B8E5B84001E6242 /* Project object */ = {
			isa = PBXProject;
			attributes = {
				LastSwiftUpdateCheck = 0720;
				LastUpgradeCheck = 0700;
				ORGANIZATIONNAME = "";
				TargetAttributes = {
					171E0C791B8E5B84001E6242 = {
						CreatedOnToolsVersion = 7.0;
						DevelopmentTeam = 97MW272B3E;
					};
				};
			};
			buildConfigurationList = 171E0C751B8E5B84001E6242 /* Build configuration list for PBXProject "MyPulse" */;
			compatibilityVersion = "Xcode 3.2";
			developmentRegion = English;
			hasScannedForEncodings = 0;
			knownRegions = (
				en,
				Base,
			);
			mainGroup = 171E0C711B8E5B84001E6242;
			productRefGroup = 171E0C7B1B8E5B84001E6242 /* Products */;
			projectDirPath = "";
			projectRoot = "";
			targets = (
				171E0C791B8E5B84001E6242 /* MyPulse */,
			);
		};
/* End PBXProject section */

/* Begin PBXResourcesBuildPhase section */
		171E0C781B8E5B84001E6242 /* Resources */ = {
			isa = PBXResourcesBuildPhase;
			buildActionMask = 2147483647;
			files = (
				D805F0251C9A80840036FA48 /* smallMyPulseLogo.png in Resources */,
				171E0C8A1B8E5B84001E6242 /* LaunchScreen.storyboard in Resources */,
				D87EDFCC1C9F2DBB00872861 /* DB2.sqlite in Resources */,
				D8A41A351C9A2EBA00D4B544 /* montserrat-bold-normal.ttf in Resources */,
				D846A7BB1C993DCA0030A359 /* unknown.jpg in Resources */,
				D8BA55B91C9931C5002ACAAD /* logo.jpg in Resources */,
				D846A7C21C99459F0030A359 /* red.png in Resources */,
				171E0C871B8E5B84001E6242 /* Assets.xcassets in Resources */,
				D846A7C11C99459F0030A359 /* green.png in Resources */,
				D8A41A381C9A30C900D4B544 /* food45.jpg in Resources */,
				D846A7C31C99459F0030A359 /* yellow.png in Resources */,
				D8A41A361C9A2EBA00D4B544 /* montserrat-normal-normal.ttf in Resources */,
				D8A41A321C9A274500D4B544 /* myPulseWhite.png in Resources */,
				D8A41A3A1C9A35D300D4B544 /* food4.jpg in Resources */,
				D8BA55B71C9931BC002ACAAD /* start.png in Resources */,
				171E0C851B8E5B84001E6242 /* Main.storyboard in Resources */,
			);
			runOnlyForDeploymentPostprocessing = 0;
		};
/* End PBXResourcesBuildPhase section */

/* Begin PBXSourcesBuildPhase section */
		171E0C761B8E5B84001E6242 /* Sources */ = {
			isa = PBXSourcesBuildPhase;
			buildActionMask = 2147483647;
			files = (
				171E0C821B8E5B84001E6242 /* DetailViewController.swift in Sources */,
				D846A7B11C9935C40030A359 /* FMDatabaseQueue.m in Sources */,
				171E0CAE1B8E5C58001E6242 /* Food.swift in Sources */,
				171E0C801B8E5B84001E6242 /* MasterViewController.swift in Sources */,
				D8A863171C99E97B007DE46A /* AboutView.swift in Sources */,
				D84DED951C9E3FDB001A68B5 /* NewView.swift in Sources */,
				D846A7AE1C9935C40030A359 /* FMDatabase.m in Sources */,
				D84DED931C9E3F66001A68B5 /* ConnView.swift in Sources */,
				D846A7B01C9935C40030A359 /* FMDatabasePool.m in Sources */,
				D8E1908C1C9F41000021F9D9 /* EvenMore.swift in Sources */,
				D82D31CC1C9E2E470000C447 /* FeaturedView.swift in Sources */,
				D846A7B21C9935C40030A359 /* FMResultSet.m in Sources */,
				171E0C7E1B8E5B84001E6242 /* AppDelegate.swift in Sources */,
				D846A7AF1C9935C40030A359 /* FMDatabaseAdditions.m in Sources */,
			);
			runOnlyForDeploymentPostprocessing = 0;
		};
/* End PBXSourcesBuildPhase section */

/* Begin PBXVariantGroup section */
		171E0C831B8E5B84001E6242 /* Main.storyboard */ = {
			isa = PBXVariantGroup;
			children = (
				171E0C841B8E5B84001E6242 /* Base */,
			);
			name = Main.storyboard;
			sourceTree = "<group>";
		};
		171E0C881B8E5B84001E6242 /* LaunchScreen.storyboard */ = {
			isa = PBXVariantGroup;
			children = (
				171E0C891B8E5B84001E6242 /* Base */,
			);
			name = LaunchScreen.storyboard;
			sourceTree = "<group>";
		};
/* End PBXVariantGroup section */

/* Begin XCBuildConfiguration section */
		171E0CA21B8E5B84001E6242 /* Debug */ = {
			isa = XCBuildConfiguration;
			buildSettings = {
				ALWAYS_SEARCH_USER_PATHS = NO;
				CLANG_CXX_LANGUAGE_STANDARD = "gnu++0x";
				CLANG_CXX_LIBRARY = "libc++";
				CLANG_ENABLE_MODULES = YES;
				CLANG_ENABLE_OBJC_ARC = YES;
				CLANG_WARN_BOOL_CONVERSION = YES;
				CLANG_WARN_CONSTANT_CONVERSION = YES;
				CLANG_WARN_DIRECT_OBJC_ISA_USAGE = YES_ERROR;
				CLANG_WARN_EMPTY_BODY = YES;
				CLANG_WARN_ENUM_CONVERSION = YES;
				CLANG_WARN_INT_CONVERSION = YES;
				CLANG_WARN_OBJC_ROOT_CLASS = YES_ERROR;
				CLANG_WARN_UNREACHABLE_CODE = YES;
				CLANG_WARN__DUPLICATE_METHOD_MATCH = YES;
				"CODE_SIGN_IDENTITY[sdk=iphoneos*]" = "iPhone Developer";
				COPY_PHASE_STRIP = NO;
				DEBUG_INFORMATION_FORMAT = dwarf;
				ENABLE_STRICT_OBJC_MSGSEND = YES;
				ENABLE_TESTABILITY = YES;
				GCC_C_LANGUAGE_STANDARD = gnu99;
				GCC_DYNAMIC_NO_PIC = NO;
				GCC_NO_COMMON_BLOCKS = YES;
				GCC_OPTIMIZATION_LEVEL = 0;
				GCC_PREPROCESSOR_DEFINITIONS = (
					"DEBUG=1",
					"$(inherited)",
				);
				GCC_WARN_64_TO_32_BIT_CONVERSION = YES;
				GCC_WARN_ABOUT_RETURN_TYPE = YES_ERROR;
				GCC_WARN_UNDECLARED_SELECTOR = YES;
				GCC_WARN_UNINITIALIZED_AUTOS = YES_AGGRESSIVE;
				GCC_WARN_UNUSED_FUNCTION = YES;
				GCC_WARN_UNUSED_VARIABLE = YES;
				IPHONEOS_DEPLOYMENT_TARGET = 9.0;
				MTL_ENABLE_DEBUG_INFO = YES;
				ONLY_ACTIVE_ARCH = YES;
				SDKROOT = iphoneos;
				SWIFT_OPTIMIZATION_LEVEL = "-Onone";
				TARGETED_DEVICE_FAMILY = "1,2";
			};
			name = Debug;
		};
		171E0CA31B8E5B84001E6242 /* Release */ = {
			isa = XCBuildConfiguration;
			buildSettings = {
				ALWAYS_SEARCH_USER_PATHS = NO;
				CLANG_CXX_LANGUAGE_STANDARD = "gnu++0x";
				CLANG_CXX_LIBRARY = "libc++";
				CLANG_ENABLE_MODULES = YES;
				CLANG_ENABLE_OBJC_ARC = YES;
				CLANG_WARN_BOOL_CONVERSION = YES;
				CLANG_WARN_CONSTANT_CONVERSION = YES;
				CLANG_WARN_DIRECT_OBJC_ISA_USAGE = YES_ERROR;
				CLANG_WARN_EMPTY_BODY = YES;
				CLANG_WARN_ENUM_CONVERSION = YES;
				CLANG_WARN_INT_CONVERSION = YES;
				CLANG_WARN_OBJC_ROOT_CLASS = YES_ERROR;
				CLANG_WARN_UNREACHABLE_CODE = YES;
				CLANG_WARN__DUPLICATE_METHOD_MATCH = YES;
				"CODE_SIGN_IDENTITY[sdk=iphoneos*]" = "iPhone Developer";
				COPY_PHASE_STRIP = NO;
				DEBUG_INFORMATION_FORMAT = "dwarf-with-dsym";
				ENABLE_NS_ASSERTIONS = NO;
				ENABLE_STRICT_OBJC_MSGSEND = YES;
				GCC_C_LANGUAGE_STANDARD = gnu99;
				GCC_NO_COMMON_BLOCKS = YES;
				GCC_WARN_64_TO_32_BIT_CONVERSION = YES;
				GCC_WARN_ABOUT_RETURN_TYPE = YES_ERROR;
				GCC_WARN_UNDECLARED_SELECTOR = YES;
				GCC_WARN_UNINITIALIZED_AUTOS = YES_AGGRESSIVE;
				GCC_WARN_UNUSED_FUNCTION = YES;
				GCC_WARN_UNUSED_VARIABLE = YES;
				IPHONEOS_DEPLOYMENT_TARGET = 9.0;
				MTL_ENABLE_DEBUG_INFO = NO;
				SDKROOT = iphoneos;
				TARGETED_DEVICE_FAMILY = "1,2";
				VALIDATE_PRODUCT = YES;
			};
			name = Release;
		};
		171E0CA51B8E5B84001E6242 /* Debug */ = {
			isa = XCBuildConfiguration;
			buildSettings = {
				ASSETCATALOG_COMPILER_APPICON_NAME = AppIcon;
				CLANG_ENABLE_MODULES = YES;
				CODE_SIGN_IDENTITY = "iPhone Developer";
				INFOPLIST_FILE = CandySearch/Info.plist;
				IPHONEOS_DEPLOYMENT_TARGET = 9.0;
				LD_RUNPATH_SEARCH_PATHS = "$(inherited) @executable_path/Frameworks";
				PRODUCT_BUNDLE_IDENTIFIER = com.pulsePassion.MyPulseiOS;
				PRODUCT_NAME = MyPulse;
				SWIFT_OBJC_BRIDGING_HEADER = "CandySearch/MyPulse-Bridging-Header.h";
				SWIFT_OPTIMIZATION_LEVEL = "-Onone";
				TARGETED_DEVICE_FAMILY = 1;
			};
			name = Debug;
		};
		171E0CA61B8E5B84001E6242 /* Release */ = {
			isa = XCBuildConfiguration;
			buildSettings = {
				ASSETCATALOG_COMPILER_APPICON_NAME = AppIcon;
				CLANG_ENABLE_MODULES = YES;
				CODE_SIGN_IDENTITY = "iPhone Developer";
				INFOPLIST_FILE = CandySearch/Info.plist;
				IPHONEOS_DEPLOYMENT_TARGET = 9.0;
				LD_RUNPATH_SEARCH_PATHS = "$(inherited) @executable_path/Frameworks";
				PRODUCT_BUNDLE_IDENTIFIER = com.pulsePassion.MyPulseiOS;
				PRODUCT_NAME = MyPulse;
				SWIFT_OBJC_BRIDGING_HEADER = "CandySearch/MyPulse-Bridging-Header.h";
				TARGETED_DEVICE_FAMILY = 1;
			};
			name = Release;
		};
/* End XCBuildConfiguration section */

/* Begin XCConfigurationList section */
		171E0C751B8E5B84001E6242 /* Build configuration list for PBXProject "MyPulse" */ = {
			isa = XCConfigurationList;
			buildConfigurations = (
				171E0CA21B8E5B84001E6242 /* Debug */,
				171E0CA31B8E5B84001E6242 /* Release */,
			);
			defaultConfigurationIsVisible = 0;
			defaultConfigurationName = Release;
		};
		171E0CA41B8E5B84001E6242 /* Build configuration list for PBXNativeTarget "MyPulse" */ = {
			isa = XCConfigurationList;
			buildConfigurations = (
				171E0CA51B8E5B84001E6242 /* Debug */,
				171E0CA61B8E5B84001E6242 /* Release */,
			);
			defaultConfigurationIsVisible = 0;
			defaultConfigurationName = Release;
		};
/* End XCConfigurationList section */
	};
	rootObject = 171E0C721B8E5B84001E6242 /* Project object */;
}
